
Microsoft Visual Studio Solution File, Format Version 12.00
# Visual Studio 2012
Project("{8BC9CEB8-8B4A-11D0-8D11-00A0C91BC942}") = "DBAccess", "DBAccess\DBAccess.vcxproj", "{3AF8A730-9DF4-406C-B327-2C73BE8556B4}"
EndProject
Global
	GlobalSection(SolutionConfigurationPlatforms) = preSolution
		Debug|Win32 = Debug|Win32
		Release|Win32 = Release|Win32
	EndGlobalSection
	GlobalSection(ProjectConfigurationPlatforms) = postSolution
		{3AF8A730-9DF4-406C-B327-2C73BE8556B4}.Debug|Win32.ActiveCfg = Debug|Win32
		{3AF8A730-9DF4-406C-B327-2C73BE8556B4}.Debug|Win32.Build.0 = Debug|Win32
		{3AF8A730-9DF4-406C-B327-2C73BE8556B4}.Release|Win32.ActiveCfg = Release|Win32
		{3AF8A730-9DF4-406C-B327-2C73BE8556B4}.Release|Win32.Build.0 = Release|Win32
	EndGlobalSection
	GlobalSection(SolutionProperties) = preSolution
		HideSolutionNode = FALSE
	EndGlobalSection
EndGlobal
